
Microsoft Visual Studio Solution File, Format Version 11.00
# Visual Studio 2010
Project("{FAE04EC0-301F-11D3-BF4B-00C04F79EFBC}") = "Scripts", "Scripts.csproj", "{1b1f4a38-2475-724b-f144-62675249514a}"
EndProject
Project("{FAE04EC0-301F-11D3-BF4B-00C04F79EFBC}") = "PlayMode", "PlayMode.csproj", "{bea47a76-7754-279e-a6d7-9e87b9ff62b3}"
EndProject
Project("{FAE04EC0-301F-11D3-BF4B-00C04F79EFBC}") = "TMP", "TMP.csproj", "{4049fd78-fb24-7719-f8a9-80fb6b718e12}"
EndProject
Project("{FAE04EC0-301F-11D3-BF4B-00C04F79EFBC}") = "EditMode", "EditMode.csproj", "{908fe965-a2a0-7cbc-ba3b-174cc30aa679}"
EndProject
Global
	GlobalSection(SolutionConfigurationPlatforms) = preSolution
		Debug|Any CPU = Debug|Any CPU
	EndGlobalSection
	GlobalSection(ProjectConfigurationPlatforms) = postSolution
		{1b1f4a38-2475-724b-f144-62675249514a}.Debug|Any CPU.ActiveCfg = Debug|Any CPU
		{1b1f4a38-2475-724b-f144-62675249514a}.Debug|Any CPU.Build.0 = Debug|Any CPU
		{bea47a76-7754-279e-a6d7-9e87b9ff62b3}.Debug|Any CPU.ActiveCfg = Debug|Any CPU
		{bea47a76-7754-279e-a6d7-9e87b9ff62b3}.Debug|Any CPU.Build.0 = Debug|Any CPU
		{4049fd78-fb24-7719-f8a9-80fb6b718e12}.Debug|Any CPU.ActiveCfg = Debug|Any CPU
		{4049fd78-fb24-7719-f8a9-80fb6b718e12}.Debug|Any CPU.Build.0 = Debug|Any CPU
		{908fe965-a2a0-7cbc-ba3b-174cc30aa679}.Debug|Any CPU.ActiveCfg = Debug|Any CPU
		{908fe965-a2a0-7cbc-ba3b-174cc30aa679}.Debug|Any CPU.Build.0 = Debug|Any CPU
	EndGlobalSection
	GlobalSection(SolutionProperties) = preSolution
		HideSolutionNode = FALSE
	EndGlobalSection
EndGlobal
